github.com/altcha-org/altcha-lib-go v1.0.0 h1:7oPti0aUS+YCep8nwt5b9g4jYfCU55ZruWESL8G9K5M=
github.com/altcha-org/altcha-lib-go v1.0.0/go.mod h1:I8ESLVWR9C58uvGufB/AJDPhaSU4+4Oh3DLpVtgwDAk=
github.com/antihax/optional v1.0.0 h1:xK2lYat7ZLaVVcIuj82J8kIro4V6kDe0AUDFboUCwcg=
github.com/antihax/optional v1.0.0/go.mod h1:uupD/76wgC+ih3iEmQUL+0Ugr19nfwCT1kdvxnR2qWY=
github.com/getbrevo/brevo-go v1.1.3 h1:8TYrhhxbfAJLGArlPzCDKzbNfzvjIykBRhTDzLJqmyw=
github.com/getbrevo/brevo-go v1.1.3/go.mod h1:ExhytIoPxt/cOBl6ZEMeEZNLUKrWEYA5U3hM/8WP2bg=
github.com/google/go-cmp v0.5.9 h1:O2Tfq5qg4qc4AmwVlvv0oLiVAGB7enBSJ2x2DqQFi38=
github.com/google/go-cmp v0.5.9/go.mod h1:17dUlkBOakJ0+DkrSSNjCkIjxS6bF9zb3elmeNGIjoY=
github.com/gregdel/pushover v1.4.0 h1:P77WAJ2zPG+b0mEsmMjWGrPMuvhkh9k3v7OviwsoveE=
github.com/gregdel/pushover v1.4.0/go.mod h1:EcaO66Nn1StkpEm1iKtBTV3d2A16SoMsVER1PthX7to=
golang.org/x/oauth2 v0.21.0 h1:tsimM75w1tF/uws5rbeHzIWxEqElMehnc+iW793zsZs=
golang.org/x/oauth2 v0.21.0/go.mod h1:XYTD2NtWslqkgxebSiOHnXEap4TF09sJSc7H1sXbhtI=
